
Microsoft Visual Studio Solution File, Format Version 12.00
# Visual Studio Version 17
VisualStudioVersion = 17.11.35219.272
MinimumVisualStudioVersion = 10.0.40219.1
Project("{FAE04EC0-301F-11D3-BF4B-00C04F79EFBC}") = "PointOfSales2024", "PointOfSales2024\PointOfSales2024.csproj", "{32425EE9-BFBB-4782-A9CD-91EB80E75D5B}"
EndProject
Global
	GlobalSection(SolutionConfigurationPlatforms) = preSolution
		Debug|Any CPU = Debug|Any CPU
		Release|Any CPU = Release|Any CPU
	EndGlobalSection
	GlobalSection(ProjectConfigurationPlatforms) = postSolution
		{32425EE9-BFBB-4782-A9CD-91EB80E75D5B}.Debug|Any CPU.ActiveCfg = Debug|Any CPU
		{32425EE9-BFBB-4782-A9CD-91EB80E75D5B}.Debug|Any CPU.Build.0 = Debug|Any CPU
		{32425EE9-BFBB-4782-A9CD-91EB80E75D5B}.Release|Any CPU.ActiveCfg = Release|Any CPU
		{32425EE9-BFBB-4782-A9CD-91EB80E75D5B}.Release|Any CPU.Build.0 = Release|Any CPU
	EndGlobalSection
	GlobalSection(SolutionProperties) = preSolution
		HideSolutionNode = FALSE
	EndGlobalSection
	GlobalSection(ExtensibilityGlobals) = postSolution
		SolutionGuid = {7F001C33-A78C-4F00-B0E8-54A36B28EB9C}
	EndGlobalSection
EndGlobal
